
Microsoft Visual Studio Solution File, Format Version 12.00
# Visual Studio Version 17
VisualStudioVersion = 17.7.34031.279
MinimumVisualStudioVersion = 10.0.40219.1
Project("{9A19103F-16F7-4668-BE54-9A1E7A4F7556}") = "UserprojectusingBlazor.Server", "UserprojectusingBlazor\Server\UserprojectusingBlazor.Server.csproj", "{34F5557D-02DB-4E35-A5A6-FB3AD5D84D07}"
EndProject
Project("{9A19103F-16F7-4668-BE54-9A1E7A4F7556}") = "UserprojectusingBlazor.Client", "UserprojectusingBlazor\Client\UserprojectusingBlazor.Client.csproj", "{6FAE41D4-DD8E-47C9-AC6F-FD76DD09E6F0}"
EndProject
Project("{9A19103F-16F7-4668-BE54-9A1E7A4F7556}") = "UserprojectusingBlazor.Shared", "UserprojectusingBlazor\Shared\UserprojectusingBlazor.Shared.csproj", "{290BEFF3-1DF0-48E3-BC84-BF99DF2035AE}"
EndProject
Global
	GlobalSection(SolutionConfigurationPlatforms) = preSolution
		Debug|Any CPU = Debug|Any CPU
		Release|Any CPU = Release|Any CPU
	EndGlobalSection
	GlobalSection(ProjectConfigurationPlatforms) = postSolution
		{34F5557D-02DB-4E35-A5A6-FB3AD5D84D07}.Debug|Any CPU.ActiveCfg = Debug|Any CPU
		{34F5557D-02DB-4E35-A5A6-FB3AD5D84D07}.Debug|Any CPU.Build.0 = Debug|Any CPU
		{34F5557D-02DB-4E35-A5A6-FB3AD5D84D07}.Release|Any CPU.ActiveCfg = Release|Any CPU
		{34F5557D-02DB-4E35-A5A6-FB3AD5D84D07}.Release|Any CPU.Build.0 = Release|Any CPU
		{6FAE41D4-DD8E-47C9-AC6F-FD76DD09E6F0}.Debug|Any CPU.ActiveCfg = Debug|Any CPU
		{6FAE41D4-DD8E-47C9-AC6F-FD76DD09E6F0}.Debug|Any CPU.Build.0 = Debug|Any CPU
		{6FAE41D4-DD8E-47C9-AC6F-FD76DD09E6F0}.Release|Any CPU.ActiveCfg = Release|Any CPU
		{6FAE41D4-DD8E-47C9-AC6F-FD76DD09E6F0}.Release|Any CPU.Build.0 = Release|Any CPU
		{290BEFF3-1DF0-48E3-BC84-BF99DF2035AE}.Debug|Any CPU.ActiveCfg = Debug|Any CPU
		{290BEFF3-1DF0-48E3-BC84-BF99DF2035AE}.Debug|Any CPU.Build.0 = Debug|Any CPU
		{290BEFF3-1DF0-48E3-BC84-BF99DF2035AE}.Release|Any CPU.ActiveCfg = Release|Any CPU
		{290BEFF3-1DF0-48E3-BC84-BF99DF2035AE}.Release|Any CPU.Build.0 = Release|Any CPU
	EndGlobalSection
	GlobalSection(SolutionProperties) = preSolution
		HideSolutionNode = FALSE
	EndGlobalSection
	GlobalSection(ExtensibilityGlobals) = postSolution
		SolutionGuid = {4049161E-77CB-4661-A263-6322A775F80F}
	EndGlobalSection
EndGlobal
